
Microsoft Visual Studio Solution File, Format Version 12.00
# Visual Studio Version 16
VisualStudioVersion = 16.0.29503.13
MinimumVisualStudioVersion = 10.0.40219.1
Project("{FAE04EC0-301F-11D3-BF4B-00C04F79EFBC}") = "OTPResetAPI", "OTPResetAPI\OTPResetAPI.csproj", "{BA1D6EA2-ABE5-4AE9-B455-08FCA570FBFA}"
EndProject
Global
	GlobalSection(SolutionConfigurationPlatforms) = preSolution
		Debug|Any CPU = Debug|Any CPU
		Release|Any CPU = Release|Any CPU
	EndGlobalSection
	GlobalSection(ProjectConfigurationPlatforms) = postSolution
		{BA1D6EA2-ABE5-4AE9-B455-08FCA570FBFA}.Debug|Any CPU.ActiveCfg = Debug|Any CPU
		{BA1D6EA2-ABE5-4AE9-B455-08FCA570FBFA}.Debug|Any CPU.Build.0 = Debug|Any CPU
		{BA1D6EA2-ABE5-4AE9-B455-08FCA570FBFA}.Release|Any CPU.ActiveCfg = Release|Any CPU
		{BA1D6EA2-ABE5-4AE9-B455-08FCA570FBFA}.Release|Any CPU.Build.0 = Release|Any CPU
	EndGlobalSection
	GlobalSection(SolutionProperties) = preSolution
		HideSolutionNode = FALSE
	EndGlobalSection
	GlobalSection(ExtensibilityGlobals) = postSolution
		SolutionGuid = {C4CE3E90-E959-4ACF-90A1-14FBC8D87702}
	EndGlobalSection
EndGlobal
